
Microsoft Visual Studio Solution File, Format Version 12.00
# Visual Studio Version 17
VisualStudioVersion = 17.9.34723.18
MinimumVisualStudioVersion = 10.0.40219.1
Project("{FAE04EC0-301F-11D3-BF4B-00C04F79EFBC}") = "WebApplication1", "WebApplication1\WebApplication1.csproj", "{CDFD12E2-3CE2-4AEA-B49B-66EAEDAB70B5}"
EndProject
Global
	GlobalSection(SolutionConfigurationPlatforms) = preSolution
		Debug|Any CPU = Debug|Any CPU
		Release|Any CPU = Release|Any CPU
	EndGlobalSection
	GlobalSection(ProjectConfigurationPlatforms) = postSolution
		{CDFD12E2-3CE2-4AEA-B49B-66EAEDAB70B5}.Debug|Any CPU.ActiveCfg = Debug|Any CPU
		{CDFD12E2-3CE2-4AEA-B49B-66EAEDAB70B5}.Debug|Any CPU.Build.0 = Debug|Any CPU
		{CDFD12E2-3CE2-4AEA-B49B-66EAEDAB70B5}.Release|Any CPU.ActiveCfg = Release|Any CPU
		{CDFD12E2-3CE2-4AEA-B49B-66EAEDAB70B5}.Release|Any CPU.Build.0 = Release|Any CPU
	EndGlobalSection
	GlobalSection(SolutionProperties) = preSolution
		HideSolutionNode = FALSE
	EndGlobalSection
	GlobalSection(ExtensibilityGlobals) = postSolution
		SolutionGuid = {1E0ADD47-747E-4036-8C39-BDD9C529E960}
	EndGlobalSection
EndGlobal
